# This file is automatically @generated by Poetry 1.5.4 and should not be changed by hand.

[[package]]
name = "dearpygui"
version = "1.9.1"
description = "DearPyGui: A simple Python GUI Toolkit"
optional = false
python-versions = ">=3.7"
files = [
    {file = "dearpygui-1.9.1-cp310-cp310-macosx_10_6_x86_64.whl", hash = "sha256:055d3399bdf0cfa03a06ceed2a213c304f7eea314bc57032d9a06b1e8f6ec400"},
    {file = "dearpygui-1.9.1-cp310-cp310-macosx_11_0_arm64.whl", hash = "sha256:0c7ce1000004078f4d6ceb26b99df17118ae6d412aba60d0b4b217588d3cbfc7"},
    {file = "dearpygui-1.9.1-cp310-cp310-manylinux1_x86_64.whl", hash = "sha256:5a006fe44590c362a03fe451237074ed99563d0334f1bc6ec6c7d498eca41e46"},
    {file = "dearpygui-1.9.1-cp310-cp310-win_amd64.whl", hash = "sha256:2982e456dbe2be5bf7e398af6e1f9ea16d8bfdc90e00d83b9c17c834d210cb7a"},
    {file = "dearpygui-1.9.1-cp311-cp311-macosx_10_6_x86_64.whl", hash = "sha256:8a031bcd0e58083dd0f48ada33ec86a2379f47fc56d8e199aef481237ceda774"},
    {file = "dearpygui-1.9.1-cp311-cp311-macosx_11_0_arm64.whl", hash = "sha256:c16181743f79b2d2809d24e696a5e5144135ad61ee10072ce1430bc5724ee5c1"},
    {file = "dearpygui-1.9.1-cp311-cp311-manylinux1_x86_64.whl", hash = "sha256:64cba064a5b6dac96abd8fb88fdb61842ca75668bdca364fbd52b9151adc6eb9"},
    {file = "dearpygui-1.9.1-cp311-cp311-win_amd64.whl", hash = "sha256:b687bfa9e5dd34cb84e144ad307ec4d0fa8ad7c43f37a0cbd68d018a93f0d240"},
    {file = "dearpygui-1.9.1-cp37-cp37m-macosx_10_6_x86_64.whl", hash = "sha256:fa37c0f95a202fefba86e0f9e422357e24297f65554c06d8cf68b71b3671f278"},
    {file = "dearpygui-1.9.1-cp37-cp37m-manylinux1_x86_64.whl", hash = "sha256:10310d34ef998cc201b13915a8742d6a69bf32a17c999bea2abfdf12a14bce31"},
    {file = "dearpygui-1.9.1-cp37-cp37m-win_amd64.whl", hash = "sha256:1a05cc0adeb9cba19181eafe2418c1b6e2004624b350a619c0e7b3c92ff0966c"},
    {file = "dearpygui-1.9.1-cp38-cp38-macosx_10_6_x86_64.whl", hash = "sha256:d6d8fc7c6b8d97e972d4343b871ea789da39d89c9f7a5bb7bb106b4053fb1c69"},
    {file = "dearpygui-1.9.1-cp38-cp38-manylinux1_x86_64.whl", hash = "sha256:1a308bc9bc21830a5c4d3f205559741a29bc191283dfa4ed5d24ae23a1e93dc2"},
    {file = "dearpygui-1.9.1-cp38-cp38-win_amd64.whl", hash = "sha256:23b954f304bcf63e0c9aa5c16344f1d44e034ca5c6e0764e05bd1c0b0bd10173"},
    {file = "dearpygui-1.9.1-cp39-cp39-macosx_10_6_x86_64.whl", hash = "sha256:069b557fd20cbbf0b13a0c41d16366eb7adb1c895fff1cd6653e472acee5ef5c"},
    {file = "dearpygui-1.9.1-cp39-cp39-macosx_11_0_arm64.whl", hash = "sha256:7646f0b80e0b94acd1e0232f32d5fe67b31d0e7b1921fb4947ee551d8b90ba86"},
    {file = "dearpygui-1.9.1-cp39-cp39-manylinux1_x86_64.whl", hash = "sha256:7394cba85ef6495091e7806c9a9b7ae03463d77a84b507329dc2d5a42e6581c7"},
    {file = "dearpygui-1.9.1-cp39-cp39-win_amd64.whl", hash = "sha256:caebf2e331a8d9f945806aaa2cd8a308cb2712c11b1484aee967ad031d79e0d1"},
]

[[package]]
name = "lxml"
version = "5.1.0"
description = "Powerful and Pythonic XML processing library combining libxml2/libxslt with the ElementTree API."
optional = false
python-versions = ">=3.6"
files = [
    {file = "lxml-5.1.0-cp310-cp310-macosx_10_9_universal2.whl", hash = "sha256:704f5572ff473a5f897745abebc6df40f22d4133c1e0a1f124e4f2bd3330ff7e"},
    {file = "lxml-5.1.0-cp310-cp310-macosx_10_9_x86_64.whl", hash = "sha256:9d3c0f8567ffe7502d969c2c1b809892dc793b5d0665f602aad19895f8d508da"},
    {file = "lxml-5.1.0-cp310-cp310-macosx_11_0_arm64.whl", hash = "sha256:5fcfbebdb0c5d8d18b84118842f31965d59ee3e66996ac842e21f957eb76138c"},
    {file = "lxml-5.1.0-cp310-cp310-manylinux_2_12_i686.manylinux2010_i686.manylinux_2_17_i686.manylinux2014_i686.whl", hash = "sha256:2f37c6d7106a9d6f0708d4e164b707037b7380fcd0b04c5bd9cae1fb46a856fb"},
    {file = "lxml-5.1.0-cp310-cp310-manylinux_2_17_aarch64.manylinux2014_aarch64.whl", hash = "sha256:2befa20a13f1a75c751f47e00929fb3433d67eb9923c2c0b364de449121f447c"},
    {file = "lxml-5.1.0-cp310-cp310-manylinux_2_17_x86_64.manylinux2014_x86_64.whl", hash = "sha256:22b7ee4c35f374e2c20337a95502057964d7e35b996b1c667b5c65c567d2252a"},
    {file = "lxml-5.1.0-cp310-cp310-musllinux_1_1_aarch64.whl", hash = "sha256:bf8443781533b8d37b295016a4b53c1494fa9a03573c09ca5104550c138d5c05"},
    {file = "lxml-5.1.0-cp310-cp310-musllinux_1_1_x86_64.whl", hash = "sha256:82bddf0e72cb2af3cbba7cec1d2fd11fda0de6be8f4492223d4a268713ef2147"},
    {file = "lxml-5.1.0-cp310-cp310-win32.whl", hash = "sha256:b66aa6357b265670bb574f050ffceefb98549c721cf28351b748be1ef9577d93"},
    {file = "lxml-5.1.0-cp310-cp310-win_amd64.whl", hash = "sha256:4946e7f59b7b6a9e27bef34422f645e9a368cb2be11bf1ef3cafc39a1f6ba68d"},
    {file = "lxml-5.1.0-cp311-cp311-macosx_10_9_universal2.whl", hash = "sha256:14deca1460b4b0f6b01f1ddc9557704e8b365f55c63070463f6c18619ebf964f"},
    {file = "lxml-5.1.0-cp311-cp311-macosx_10_9_x86_64.whl", hash = "sha256:ed8c3d2cd329bf779b7ed38db176738f3f8be637bb395ce9629fc76f78afe3d4"},
    {file = "lxml-5.1.0-cp311-cp311-macosx_11_0_arm64.whl", hash = "sha256:436a943c2900bb98123b06437cdd30580a61340fbdb7b28aaf345a459c19046a"},
    {file = "lxml-5.1.0-cp311-cp311-manylinux_2_12_i686.manylinux2010_i686.manylinux_2_17_i686.manylinux2014_i686.whl", hash = "sha256:acb6b2f96f60f70e7f34efe0c3ea34ca63f19ca63ce90019c6cbca6b676e81fa"},
    {file = "lxml-5.1.0-cp311-cp311-manylinux_2_17_aarch64.manylinux2014_aarch64.whl", hash = "sha256:af8920ce4a55ff41167ddbc20077f5698c2e710ad3353d32a07d3264f3a2021e"},
    {file = "lxml-5.1.0-cp311-cp311-manylinux_2_17_x86_64.manylinux2014_x86_64.whl", hash = "sha256:7cfced4a069003d8913408e10ca8ed092c49a7f6cefee9bb74b6b3e860683b45"},
    {file = "lxml-5.1.0-cp311-cp311-musllinux_1_1_aarch64.whl", hash = "sha256:9e5ac3437746189a9b4121db2a7b86056ac8786b12e88838696899328fc44bb2"},
    {file = "lxml-5.1.0-cp311-cp311-musllinux_1_1_x86_64.whl", hash = "sha256:f4c9bda132ad108b387c33fabfea47866af87f4ea6ffb79418004f0521e63204"},
    {file = "lxml-5.1.0-cp311-cp311-win32.whl", hash = "sha256:bc64d1b1dab08f679fb89c368f4c05693f58a9faf744c4d390d7ed1d8223869b"},
    {file = "lxml-5.1.0-cp311-cp311-win_amd64.whl", hash = "sha256:a5ab722ae5a873d8dcee1f5f45ddd93c34210aed44ff2dc643b5025981908cda"},
    {file = "lxml-5.1.0-cp312-cp312-macosx_10_9_universal2.whl", hash = "sha256:9aa543980ab1fbf1720969af1d99095a548ea42e00361e727c58a40832439114"},
    {file = "lxml-5.1.0-cp312-cp312-macosx_10_9_x86_64.whl", hash = "sha256:6f11b77ec0979f7e4dc5ae081325a2946f1fe424148d3945f943ceaede98adb8"},
    {file = "lxml-5.1.0-cp312-cp312-macosx_11_0_arm64.whl", hash = "sha256:a36c506e5f8aeb40680491d39ed94670487ce6614b9d27cabe45d94cd5d63e1e"},
    {file = "lxml-5.1.0-cp312-cp312-manylinux_2_12_i686.manylinux2010_i686.manylinux_2_17_i686.manylinux2014_i686.whl", hash = "sha256:f643ffd2669ffd4b5a3e9b41c909b72b2a1d5e4915da90a77e119b8d48ce867a"},
    {file = "lxml-5.1.0-cp312-cp312-manylinux_2_17_aarch64.manylinux2014_aarch64.whl", hash = "sha256:16dd953fb719f0ffc5bc067428fc9e88f599e15723a85618c45847c96f11f431"},
    {file = "lxml-5.1.0-cp312-cp312-manylinux_2_17_x86_64.manylinux2014_x86_64.whl", hash = "sha256:16018f7099245157564d7148165132c70adb272fb5a17c048ba70d9cc542a1a1"},
    {file = "lxml-5.1.0-cp312-cp312-musllinux_1_1_aarch64.whl", hash = "sha256:82cd34f1081ae4ea2ede3d52f71b7be313756e99b4b5f829f89b12da552d3aa3"},
    {file = "lxml-5.1.0-cp312-cp312-musllinux_1_1_x86_64.whl", hash = "sha256:19a1bc898ae9f06bccb7c3e1dfd73897ecbbd2c96afe9095a6026016e5ca97b8"},
    {file = "lxml-5.1.0-cp312-cp312-win32.whl", hash = "sha256:13521a321a25c641b9ea127ef478b580b5ec82aa2e9fc076c86169d161798b01"},
    {file = "lxml-5.1.0-cp312-cp312-win_amd64.whl", hash = "sha256:1ad17c20e3666c035db502c78b86e58ff6b5991906e55bdbef94977700c72623"},
    {file = "lxml-5.1.0-cp36-cp36m-macosx_10_9_x86_64.whl", hash = "sha256:24ef5a4631c0b6cceaf2dbca21687e29725b7c4e171f33a8f8ce23c12558ded1"},
    {file = "lxml-5.1.0-cp36-cp36m-manylinux_2_12_i686.manylinux2010_i686.manylinux_2_17_i686.manylinux2014_i686.whl", hash = "sha256:8d2900b7f5318bc7ad8631d3d40190b95ef2aa8cc59473b73b294e4a55e9f30f"},
    {file = "lxml-5.1.0-cp36-cp36m-manylinux_2_17_aarch64.manylinux2014_aarch64.whl", hash = "sha256:601f4a75797d7a770daed8b42b97cd1bb1ba18bd51a9382077a6a247a12aa38d"},
    {file = "lxml-5.1.0-cp36-cp36m-manylinux_2_17_x86_64.manylinux2014_x86_64.whl", hash = "sha256:b4b68c961b5cc402cbd99cca5eb2547e46ce77260eb705f4d117fd9c3f932b95"},
    {file = "lxml-5.1.0-cp36-cp36m-musllinux_1_1_aarch64.whl", hash = "sha256:afd825e30f8d1f521713a5669b63657bcfe5980a916c95855060048b88e1adb7"},
    {file = "lxml-5.1.0-cp36-cp36m-musllinux_1_1_x86_64.whl", hash = "sha256:262bc5f512a66b527d026518507e78c2f9c2bd9eb5c8aeeb9f0eb43fcb69dc67"},
    {file = "lxml-5.1.0-cp36-cp36m-win32.whl", hash = "sha256:e856c1c7255c739434489ec9c8aa9cdf5179785d10ff20add308b5d673bed5cd"},
    {file = "lxml-5.1.0-cp36-cp36m-win_amd64.whl", hash = "sha256:c7257171bb8d4432fe9d6fdde4d55fdbe663a63636a17f7f9aaba9bcb3153ad7"},
    {file = "lxml-5.1.0-cp37-cp37m-macosx_10_9_x86_64.whl", hash = "sha256:b9e240ae0ba96477682aa87899d94ddec1cc7926f9df29b1dd57b39e797d5ab5"},
    {file = "lxml-5.1.0-cp37-cp37m-manylinux_2_12_i686.manylinux2010_i686.manylinux_2_17_i686.manylinux2014_i686.whl", hash = "sha256:a96f02ba1bcd330807fc060ed91d1f7a20853da6dd449e5da4b09bfcc08fdcf5"},
    {file = "lxml-5.1.0-cp37-cp37m-manylinux_2_17_aarch64.manylinux2014_aarch64.whl", hash = "sha256:3e3898ae2b58eeafedfe99e542a17859017d72d7f6a63de0f04f99c2cb125936"},
    {file = "lxml-5.1.0-cp37-cp37m-manylinux_2_17_x86_64.manylinux2014_x86_64.whl", hash = "sha256:61c5a7edbd7c695e54fca029ceb351fc45cd8860119a0f83e48be44e1c464862"},
    {file = "lxml-5.1.0-cp37-cp37m-musllinux_1_1_aarch64.whl", hash = "sha256:3aeca824b38ca78d9ee2ab82bd9883083d0492d9d17df065ba3b94e88e4d7ee6"},
    {file = "lxml-5.1.0-cp37-cp37m-musllinux_1_1_x86_64.whl", hash = "sha256:8f52fe6859b9db71ee609b0c0a70fea5f1e71c3462ecf144ca800d3f434f0764"},
    {file = "lxml-5.1.0-cp37-cp37m-win32.whl", hash = "sha256:d42e3a3fc18acc88b838efded0e6ec3edf3e328a58c68fbd36a7263a874906c8"},
    {file = "lxml-5.1.0-cp37-cp37m-win_amd64.whl", hash = "sha256:eac68f96539b32fce2c9b47eb7c25bb2582bdaf1bbb360d25f564ee9e04c542b"},
    {file = "lxml-5.1.0-cp38-cp38-macosx_10_9_universal2.whl", hash = "sha256:ae15347a88cf8af0949a9872b57a320d2605ae069bcdf047677318bc0bba45b1"},
    {file = "lxml-5.1.0-cp38-cp38-macosx_10_9_x86_64.whl", hash = "sha256:c26aab6ea9c54d3bed716b8851c8bfc40cb249b8e9880e250d1eddde9f709bf5"},
    {file = "lxml-5.1.0-cp38-cp38-manylinux_2_12_i686.manylinux2010_i686.manylinux_2_17_i686.manylinux2014_i686.whl", hash = "sha256:342e95bddec3a698ac24378d61996b3ee5ba9acfeb253986002ac53c9a5f6f84"},
    {file = "lxml-5.1.0-cp38-cp38-manylinux_2_17_aarch64.manylinux2014_aarch64.whl", hash = "sha256:725e171e0b99a66ec8605ac77fa12239dbe061482ac854d25720e2294652eeaa"},
    {file = "lxml-5.1.0-cp38-cp38-manylinux_2_17_x86_64.manylinux2014_x86_64.whl", hash = "sha256:3d184e0d5c918cff04cdde9dbdf9600e960161d773666958c9d7b565ccc60c45"},
    {file = "lxml-5.1.0-cp38-cp38-musllinux_1_1_aarch64.whl", hash = "sha256:98f3f020a2b736566c707c8e034945c02aa94e124c24f77ca097c446f81b01f1"},
    {file = "lxml-5.1.0-cp38-cp38-musllinux_1_1_x86_64.whl", hash = "sha256:6d48fc57e7c1e3df57be5ae8614bab6d4e7b60f65c5457915c26892c41afc59e"},
    {file = "lxml-5.1.0-cp38-cp38-win32.whl", hash = "sha256:7ec465e6549ed97e9f1e5ed51c657c9ede767bc1c11552f7f4d022c4df4a977a"},
    {file = "lxml-5.1.0-cp38-cp38-win_amd64.whl", hash = "sha256:b21b4031b53d25b0858d4e124f2f9131ffc1530431c6d1321805c90da78388d1"},
    {file = "lxml-5.1.0-cp39-cp39-macosx_10_9_universal2.whl", hash = "sha256:52427a7eadc98f9e62cb1368a5079ae826f94f05755d2d567d93ee1bc3ceb354"},
    {file = "lxml-5.1.0-cp39-cp39-macosx_10_9_x86_64.whl", hash = "sha256:6a2a2c724d97c1eb8cf966b16ca2915566a4904b9aad2ed9a09c748ffe14f969"},
    {file = "lxml-5.1.0-cp39-cp39-macosx_11_0_arm64.whl", hash = "sha256:843b9c835580d52828d8f69ea4302537337a21e6b4f1ec711a52241ba4a824f3"},
    {file = "lxml-5.1.0-cp39-cp39-manylinux_2_12_i686.manylinux2010_i686.manylinux_2_17_i686.manylinux2014_i686.whl", hash = "sha256:9b99f564659cfa704a2dd82d0684207b1aadf7d02d33e54845f9fc78e06b7581"},
    {file = "lxml-5.1.0-cp39-cp39-manylinux_2_17_aarch64.manylinux2014_aarch64.whl", hash = "sha256:4f8b0c78e7aac24979ef09b7f50da871c2de2def043d468c4b41f512d831e912"},
    {file = "lxml-5.1.0-cp39-cp39-manylinux_2_17_x86_64.manylinux2014_x86_64.whl", hash = "sha256:9bcf86dfc8ff3e992fed847c077bd875d9e0ba2fa25d859c3a0f0f76f07f0c8d"},
    {file = "lxml-5.1.0-cp39-cp39-musllinux_1_1_aarch64.whl", hash = "sha256:49a9b4af45e8b925e1cd6f3b15bbba2c81e7dba6dce170c677c9cda547411e14"},
    {file = "lxml-5.1.0-cp39-cp39-musllinux_1_1_x86_64.whl", hash = "sha256:280f3edf15c2a967d923bcfb1f8f15337ad36f93525828b40a0f9d6c2ad24890"},
    {file = "lxml-5.1.0-cp39-cp39-win32.whl", hash = "sha256:ed7326563024b6e91fef6b6c7a1a2ff0a71b97793ac33dbbcf38f6005e51ff6e"},
    {file = "lxml-5.1.0-cp39-cp39-win_amd64.whl", hash = "sha256:8d7b4beebb178e9183138f552238f7e6613162a42164233e2bda00cb3afac58f"},
    {file = "lxml-5.1.0-pp310-pypy310_pp73-macosx_10_9_x86_64.whl", hash = "sha256:9bd0ae7cc2b85320abd5e0abad5ccee5564ed5f0cc90245d2f9a8ef330a8deae"},
    {file = "lxml-5.1.0-pp310-pypy310_pp73-manylinux_2_17_x86_64.manylinux2014_x86_64.whl", hash = "sha256:d8c1d679df4361408b628f42b26a5d62bd3e9ba7f0c0e7969f925021554755aa"},
    {file = "lxml-5.1.0-pp310-pypy310_pp73-win_amd64.whl", hash = "sha256:2ad3a8ce9e8a767131061a22cd28fdffa3cd2dc193f399ff7b81777f3520e372"},
    {file = "lxml-5.1.0-pp37-pypy37_pp73-macosx_10_9_x86_64.whl", hash = "sha256:304128394c9c22b6569eba2a6d98392b56fbdfbad58f83ea702530be80d0f9df"},
    {file = "lxml-5.1.0-pp37-pypy37_pp73-manylinux_2_17_x86_64.manylinux2014_x86_64.whl", hash = "sha256:d74fcaf87132ffc0447b3c685a9f862ffb5b43e70ea6beec2fb8057d5d2a1fea"},
    {file = "lxml-5.1.0-pp37-pypy37_pp73-win_amd64.whl", hash = "sha256:8cf5877f7ed384dabfdcc37922c3191bf27e55b498fecece9fd5c2c7aaa34c33"},
    {file = "lxml-5.1.0-pp38-pypy38_pp73-macosx_10_9_x86_64.whl", hash = "sha256:877efb968c3d7eb2dad540b6cabf2f1d3c0fbf4b2d309a3c141f79c7e0061324"},
    {file = "lxml-5.1.0-pp38-pypy38_pp73-manylinux_2_17_x86_64.manylinux2014_x86_64.whl", hash = "sha256:3f14a4fb1c1c402a22e6a341a24c1341b4a3def81b41cd354386dcb795f83897"},
    {file = "lxml-5.1.0-pp38-pypy38_pp73-win_amd64.whl", hash = "sha256:25663d6e99659544ee8fe1b89b1a8c0aaa5e34b103fab124b17fa958c4a324a6"},
    {file = "lxml-5.1.0-pp39-pypy39_pp73-macosx_10_9_x86_64.whl", hash = "sha256:8b9f19df998761babaa7f09e6bc169294eefafd6149aaa272081cbddc7ba4ca3"},
    {file = "lxml-5.1.0-pp39-pypy39_pp73-manylinux_2_17_x86_64.manylinux2014_x86_64.whl", hash = "sha256:5e53d7e6a98b64fe54775d23a7c669763451340c3d44ad5e3a3b48a1efbdc96f"},
    {file = "lxml-5.1.0-pp39-pypy39_pp73-win_amd64.whl", hash = "sha256:c3cd1fc1dc7c376c54440aeaaa0dcc803d2126732ff5c6b68ccd619f2e64be4f"},
    {file = "lxml-5.1.0.tar.gz", hash = "sha256:3eea6ed6e6c918e468e693c41ef07f3c3acc310b70ddd9cc72d9ef84bc9564ca"},
]

[package.extras]
cssselect = ["cssselect (>=0.7)"]
html5 = ["html5lib"]
htmlsoup = ["BeautifulSoup4"]
source = ["Cython (>=3.0.7)"]

[[package]]
name = "pygame"
version = "2.5.0"
description = "Python Game Development"
optional = false
python-versions = ">=3.6"
files = [
    {file = "pygame-2.5.0-cp310-cp310-macosx_10_9_x86_64.whl", hash = "sha256:e34a2b5660acc298d0a66ce16f13a7ca1c56c2a685e40afef3a0cf6eaf3f44b3"},
    {file = "pygame-2.5.0-cp310-cp310-macosx_11_0_arm64.whl", hash = "sha256:875dbde88b899fb7f48d6f0e87f70c3dcc8ee87a947c3df817d949a9741dbcf5"},
    {file = "pygame-2.5.0-cp310-cp310-manylinux_2_17_aarch64.manylinux2014_aarch64.whl", hash = "sha256:854dc9106210d1a3a83914af53fc234c0bed65a39f5e6098a8eb489da354ad0c"},
    {file = "pygame-2.5.0-cp310-cp310-manylinux_2_17_i686.manylinux2014_i686.whl", hash = "sha256:7e1898db0fd7b868a31c29204813f447c59390350fd806904d80bebde094f3f8"},
    {file = "pygame-2.5.0-cp310-cp310-manylinux_2_17_x86_64.manylinux2014_x86_64.whl", hash = "sha256:22d5eac9b9936c7dc2813a750bc8efd53234ad1afc32eb99d6f64bb403c2b9aa"},
    {file = "pygame-2.5.0-cp310-cp310-win32.whl", hash = "sha256:e9eed550b8921080a3c7524202822fc2cf7226e0ffd3c4e4d16510ba44b24e6f"},
    {file = "pygame-2.5.0-cp310-cp310-win_amd64.whl", hash = "sha256:93128beb1154c443f05a66bfbf3f1d4eb8659157ab3b45e4a0454e5905440431"},
    {file = "pygame-2.5.0-cp311-cp311-macosx_10_9_x86_64.whl", hash = "sha256:c71d5b3ec232113cbd2e23a19eb01eef1818db41892d0d5efbac3901f940da66"},
    {file = "pygame-2.5.0-cp311-cp311-macosx_11_0_arm64.whl", hash = "sha256:b763062b1996de26a28600e7a8f138d5b36ba0ddd63c65ccbd06124cd95bab70"},
    {file = "pygame-2.5.0-cp311-cp311-manylinux_2_17_aarch64.manylinux2014_aarch64.whl", hash = "sha256:e5b6a42109f922352c524565fceb22bf8f8b6e4b00d38306e6f5b4c673048f4a"},
    {file = "pygame-2.5.0-cp311-cp311-manylinux_2_17_i686.manylinux2014_i686.whl", hash = "sha256:3bcb19c8ee3fc794ab3a7cb5b5fb1ad38da6866dfbba4af3699a84a828c8a4b9"},
    {file = "pygame-2.5.0-cp311-cp311-manylinux_2_17_x86_64.manylinux2014_x86_64.whl", hash = "sha256:c66b7abc38511c7ca08c5bb58a3bfc14fa51b4e5f85a1786777afc9e584a14dd"},
    {file = "pygame-2.5.0-cp311-cp311-win32.whl", hash = "sha256:46cf1c9b20fb11c7d836c02dd5fc2ca843b699c0e2bc4130cf4ad2f855db5f7f"},
    {file = "pygame-2.5.0-cp311-cp311-win_amd64.whl", hash = "sha256:f7b77b5019a9a6342535f53c75cef912b218cd24e98505828418f135aacc0a1b"},
    {file = "pygame-2.5.0-cp312-cp312-manylinux_2_17_aarch64.manylinux2014_aarch64.whl", hash = "sha256:7ddec0c823fd0869fe4a75ba906dcb7889db0e0c289ce8c03d4ce0a67351ab66"},
    {file = "pygame-2.5.0-cp312-cp312-manylinux_2_17_i686.manylinux2014_i686.whl", hash = "sha256:bae93ce29b8337a5e02507603094c51740c9f496272ef070e2624e9647776568"},
    {file = "pygame-2.5.0-cp312-cp312-manylinux_2_17_x86_64.manylinux2014_x86_64.whl", hash = "sha256:c80a1ad38d11102b4dfa0519aa2a26fea534503b259872609acc9adb1860884e"},
    {file = "pygame-2.5.0-cp312-cp312-win32.whl", hash = "sha256:8ffebcafda0add8072f82999498113be37494694fa36e02155cfaf1a0ba56fe2"},
    {file = "pygame-2.5.0-cp312-cp312-win_amd64.whl", hash = "sha256:574e310ba708da0c34b71c4158aa7cdca3cf3e16c4100dcd1d3c931a9c6705b4"},
    {file = "pygame-2.5.0-cp36-cp36m-macosx_10_9_x86_64.whl", hash = "sha256:275e4fab379620c3b262cd58c457eea80001e91bc2e04d306ddb0ba548c969bf"},
    {file = "pygame-2.5.0-cp36-cp36m-manylinux_2_17_aarch64.manylinux2014_aarch64.whl", hash = "sha256:c116a96a2784bd1724476dbf9c48bfea466ee493a736bdfa04ecbc3f193de0bc"},
    {file = "pygame-2.5.0-cp36-cp36m-manylinux_2_17_i686.manylinux2014_i686.whl", hash = "sha256:d4a0787ade8723323a3ba874bb725010bb08990a77327fc85f42474f3a840447"},
    {file = "pygame-2.5.0-cp36-cp36m-manylinux_2_17_x86_64.manylinux2014_x86_64.whl", hash = "sha256:c1cb39b660da1b56a1704ec4aa72bac538030786e23607fb25b8a66f357ffe3a"},
    {file = "pygame-2.5.0-cp36-cp36m-win32.whl", hash = "sha256:d051420667dd9fc8103b3cf994c03e46ee90b1c4a72c174737b8c14729ddf68e"},
    {file = "pygame-2.5.0-cp36-cp36m-win_amd64.whl", hash = "sha256:6b58356510b7c38836eb81cf08983b58f280da99580d4f17e89ed0ddb707c29c"},
    {file = "pygame-2.5.0-cp37-cp37m-macosx_10_9_x86_64.whl", hash = "sha256:80f167d8fcec7cd3107f829784ad721b1b7532c19fdf42b3aabbb51f7347850f"},
    {file = "pygame-2.5.0-cp37-cp37m-manylinux_2_17_aarch64.manylinux2014_aarch64.whl", hash = "sha256:ef96e9a2d8fd9526b89657d192c42dd7c551bfa381fa98ec52d45443e9713818"},
    {file = "pygame-2.5.0-cp37-cp37m-manylinux_2_17_i686.manylinux2014_i686.whl", hash = "sha256:e21d53279fb504b267ae06b565b72d9f95ecbf1f2dd8c705329b287f38295d98"},
    {file = "pygame-2.5.0-cp37-cp37m-manylinux_2_17_x86_64.manylinux2014_x86_64.whl", hash = "sha256:147cc0256a5df1316590f351febf6205ef2907564fb0d902935834b91e183486"},
    {file = "pygame-2.5.0-cp37-cp37m-win32.whl", hash = "sha256:e47696154d689180e4eea8c1d6f2bac923986119219db6ad0d2e60ab1f525e8c"},
    {file = "pygame-2.5.0-cp37-cp37m-win_amd64.whl", hash = "sha256:4c87fa8fa1f3ea94069119accd6d4b5fbf869c2b2954a19b45162dfb3b7c885e"},
    {file = "pygame-2.5.0-cp38-cp38-macosx_10_9_x86_64.whl", hash = "sha256:143550078ab10f290cd7c8715a46853e0dc598fd6cdd1561ecb4d6e3116a6b26"},
    {file = "pygame-2.5.0-cp38-cp38-macosx_11_0_arm64.whl", hash = "sha256:969de806bed49b28972862acba652f05ece9420bbdf5f925c970c6a18a9fd1f9"},
    {file = "pygame-2.5.0-cp38-cp38-manylinux_2_17_aarch64.manylinux2014_aarch64.whl", hash = "sha256:c5d3b0da31ea341b86ef96d6b13c0ddcb25f5320186b7215bc870f08119d2f80"},
    {file = "pygame-2.5.0-cp38-cp38-manylinux_2_17_i686.manylinux2014_i686.whl", hash = "sha256:b23effd50121468f1dc41022230485bff515154191a9d343224850aa3ed3b7f0"},
    {file = "pygame-2.5.0-cp38-cp38-manylinux_2_17_x86_64.manylinux2014_x86_64.whl", hash = "sha256:bce4116db6924b544ff8ff03f7ef681c8baf9c6e039a1ec21e26b4ebdaa0e994"},
    {file = "pygame-2.5.0-cp38-cp38-win32.whl", hash = "sha256:50a89c15412506d95e98792435f49a73101788db30ad9c562f611c7aa7b437fa"},
    {file = "pygame-2.5.0-cp38-cp38-win_amd64.whl", hash = "sha256:df1d8affdbe9f417cc7141581e3d08e4b09f708060d3127d2016fd591b2e4f68"},
    {file = "pygame-2.5.0-cp39-cp39-macosx_10_9_x86_64.whl", hash = "sha256:99965da24d0bf138d9ac6b7494b9a12781c1510cf936616d1d0c46a736777f6a"},
    {file = "pygame-2.5.0-cp39-cp39-macosx_11_0_arm64.whl", hash = "sha256:daa81057c1beb71a9fb96253457197ad03ee988ba546a166f253bd92a98a9a11"},
    {file = "pygame-2.5.0-cp39-cp39-manylinux_2_17_aarch64.manylinux2014_aarch64.whl", hash = "sha256:3ca85da605f6621c99c05f272a5dcf85bf0badcdca45f16ff2bee9a9d41ae042"},
    {file = "pygame-2.5.0-cp39-cp39-manylinux_2_17_i686.manylinux2014_i686.whl", hash = "sha256:603d403997d46b07022097861c8b0ff76c6192f8a2f5f89f1a6a978d4411b715"},
    {file = "pygame-2.5.0-cp39-cp39-manylinux_2_17_x86_64.manylinux2014_x86_64.whl", hash = "sha256:7babaeac11544f3e4d7a15756a27f943dc5fff276481fdc9d90415a903ad31a9"},
    {file = "pygame-2.5.0-cp39-cp39-win32.whl", hash = "sha256:9d2126f91699223f0c36845d1c7b2cdfe2f1753ef85b8410ea613e8bd212ca33"},
    {file = "pygame-2.5.0-cp39-cp39-win_amd64.whl", hash = "sha256:8062adc409f0b2742d7996b9b470494025c5e3b73d0d03e3798708dcf5d195cd"},
    {file = "pygame-2.5.0-pp36-pypy36_pp73-win32.whl", hash = "sha256:1bd14adf6151b6ac2f617a8fd71621f1c125209c41a359d3c1cf4bf3904dba5f"},
    {file = "pygame-2.5.0-pp37-pypy37_pp73-manylinux_2_17_i686.manylinux2014_i686.whl", hash = "sha256:2b11708f1c7b1671db15246275adcb18cf384f5f7e73532e26999968876c5099"},
    {file = "pygame-2.5.0-pp37-pypy37_pp73-manylinux_2_17_x86_64.manylinux2014_x86_64.whl", hash = "sha256:6830e431575697f7a11f7731798445242e37eb07ae9007f7be33083f700e9b1e"},
    {file = "pygame-2.5.0-pp38-pypy38_pp73-macosx_10_9_x86_64.whl", hash = "sha256:7dd80addfdf7dc1f0e04f81c98acb96580726783172256f2ebc955a967e84124"},
    {file = "pygame-2.5.0-pp38-pypy38_pp73-manylinux_2_17_i686.manylinux2014_i686.whl", hash = "sha256:1c2cbd9d1a0a3969d6e1c6b0741279c843b4a36ef3804d324874d0a2f0e49816"},
    {file = "pygame-2.5.0-pp38-pypy38_pp73-manylinux_2_17_x86_64.manylinux2014_x86_64.whl", hash = "sha256:ef373b9865c740f18236f2324e17e7f2111e27c6a4a5b67c490c72a8a8b8de77"},
    {file = "pygame-2.5.0-pp39-pypy39_pp73-macosx_10_9_x86_64.whl", hash = "sha256:3959038a3e2034cee3f15471786a3bac35baeaa1f7503dc7402bb49d25b5ddbc"},
    {file = "pygame-2.5.0-pp39-pypy39_pp73-manylinux_2_17_i686.manylinux2014_i686.whl", hash = "sha256:583d9c8ad033ad51da8485427139d047afb649f49e42d4fa88477f73734ad4b0"},
    {file = "pygame-2.5.0-pp39-pypy39_pp73-manylinux_2_17_x86_64.manylinux2014_x86_64.whl", hash = "sha256:13b650e925d2e8c82c16bdeae6e7fc5d6ca4ac659a1412da4ecd923ef9d688cb"},
    {file = "pygame-2.5.0.tar.gz", hash = "sha256:edd5745b79435976d92c0a7318aedcafcb7ac4567125ac6ba88aa473559ef9ab"},
]

[[package]]
name = "pytils"
version = "0.3"
description = "Russian-specific string utils"
optional = false
python-versions = "*"
files = [
    {file = "pytils-0.3.tar.gz", hash = "sha256:1e85118d095d48928fef1a73e3e1dccdbc07bc931131705976b7dd05b66627fc"},
]

[[package]]
name = "six"
version = "1.16.0"
description = "Python 2 and 3 compatibility utilities"
optional = false
python-versions = ">=2.7, !=3.0.*, !=3.1.*, !=3.2.*"
files = [
    {file = "six-1.16.0-py2.py3-none-any.whl", hash = "sha256:8abb2f1d86890a2dfb989f9a77cfcfd3e47c2a354b01111771326f8aa26e0254"},
    {file = "six-1.16.0.tar.gz", hash = "sha256:1e61c37477a1626458e36f7b1d82aa5c9b094fa4802892072e49de9c60c4c926"},
]

[[package]]
name = "tools"
version = "0.1.9"
description = "Set of tools for web scraping projects"
optional = false
python-versions = "*"
files = [
    {file = "tools-0.1.9.tar.gz", hash = "sha256:7b7f998462cf5b02635fba76cc7cdb3653468aa46ff074b979dbecdb2a2fb014"},
]

[package.dependencies]
lxml = "*"
pytils = "*"
six = "*"

[metadata]
lock-version = "2.0"
python-versions = ">=3.10.0"
content-hash = "7c1be31b940187f31d2dcc32c37639ef0d3af49116cbcf2f3017c36eeff8df9b"
